
Microsoft Visual Studio Solution File, Format Version 12.00
# Visual Studio Version 16
VisualStudioVersion = 16.0.32106.194
MinimumVisualStudioVersion = 10.0.40219.1
Project("{FAE04EC0-301F-11D3-BF4B-00C04F79EFBC}") = "HelperlandWebsite", "HelperlandWebsite\HelperlandWebsite.csproj", "{BB702D80-BF73-4165-A5F1-F49D921E532D}"
EndProject
Global
	GlobalSection(SolutionConfigurationPlatforms) = preSolution
		Debug|Any CPU = Debug|Any CPU
		Release|Any CPU = Release|Any CPU
	EndGlobalSection
	GlobalSection(ProjectConfigurationPlatforms) = postSolution
		{BB702D80-BF73-4165-A5F1-F49D921E532D}.Debug|Any CPU.ActiveCfg = Debug|Any CPU
		{BB702D80-BF73-4165-A5F1-F49D921E532D}.Debug|Any CPU.Build.0 = Debug|Any CPU
		{BB702D80-BF73-4165-A5F1-F49D921E532D}.Release|Any CPU.ActiveCfg = Release|Any CPU
		{BB702D80-BF73-4165-A5F1-F49D921E532D}.Release|Any CPU.Build.0 = Release|Any CPU
	EndGlobalSection
	GlobalSection(SolutionProperties) = preSolution
		HideSolutionNode = FALSE
	EndGlobalSection
	GlobalSection(ExtensibilityGlobals) = postSolution
		SolutionGuid = {F368FC64-0EDE-4AE1-887C-FEDDD5D22669}
	EndGlobalSection
EndGlobal
