
Microsoft Visual Studio Solution File, Format Version 12.00
# Visual Studio Version 16
VisualStudioVersion = 16.0.32106.194
MinimumVisualStudioVersion = 10.0.40219.1
Project("{FAE04EC0-301F-11D3-BF4B-00C04F79EFBC}") = "HelperlandWebsite", "HelperlandWebsite\HelperlandWebsite.csproj", "{C2B45BBA-AD75-4E01-A515-095974B5A4CD}"
EndProject
Global
	GlobalSection(SolutionConfigurationPlatforms) = preSolution
		Debug|Any CPU = Debug|Any CPU
		Release|Any CPU = Release|Any CPU
	EndGlobalSection
	GlobalSection(ProjectConfigurationPlatforms) = postSolution
		{C2B45BBA-AD75-4E01-A515-095974B5A4CD}.Debug|Any CPU.ActiveCfg = Debug|Any CPU
		{C2B45BBA-AD75-4E01-A515-095974B5A4CD}.Debug|Any CPU.Build.0 = Debug|Any CPU
		{C2B45BBA-AD75-4E01-A515-095974B5A4CD}.Release|Any CPU.ActiveCfg = Release|Any CPU
		{C2B45BBA-AD75-4E01-A515-095974B5A4CD}.Release|Any CPU.Build.0 = Release|Any CPU
	EndGlobalSection
	GlobalSection(SolutionProperties) = preSolution
		HideSolutionNode = FALSE
	EndGlobalSection
	GlobalSection(ExtensibilityGlobals) = postSolution
		SolutionGuid = {BF4F3B85-68E8-401F-ABF8-A71528D58C8F}
	EndGlobalSection
EndGlobal
